
Microsoft Visual Studio Solution File, Format Version 12.00
# Visual Studio Version 16
VisualStudioVersion = 16.0.30114.105
MinimumVisualStudioVersion = 10.0.40219.1
Project("{FAE04EC0-301F-11D3-BF4B-00C04F79EFBC}") = "ETradeApp", "ETradeApp\ETradeApp.csproj", "{F1D93D74-7BCB-48B1-8FC6-AB174E498C28}"
EndProject
Global
	GlobalSection(SolutionConfigurationPlatforms) = preSolution
		Debug|Any CPU = Debug|Any CPU
		Release|Any CPU = Release|Any CPU
	EndGlobalSection
	GlobalSection(ProjectConfigurationPlatforms) = postSolution
		{F1D93D74-7BCB-48B1-8FC6-AB174E498C28}.Debug|Any CPU.ActiveCfg = Debug|Any CPU
		{F1D93D74-7BCB-48B1-8FC6-AB174E498C28}.Debug|Any CPU.Build.0 = Debug|Any CPU
		{F1D93D74-7BCB-48B1-8FC6-AB174E498C28}.Release|Any CPU.ActiveCfg = Release|Any CPU
		{F1D93D74-7BCB-48B1-8FC6-AB174E498C28}.Release|Any CPU.Build.0 = Release|Any CPU
	EndGlobalSection
	GlobalSection(SolutionProperties) = preSolution
		HideSolutionNode = FALSE
	EndGlobalSection
	GlobalSection(ExtensibilityGlobals) = postSolution
		SolutionGuid = {51527765-B35E-4173-86A4-F7486E7446C9}
	EndGlobalSection
EndGlobal
